// !$*UTF8*$!
{
	archiveVersion = 1;
	classes = {
	};
	objectVersion = 50;
	objects = {

/* Begin PBXBuildFile section */
		309C4A0C226AD23400EA8F77 /* AppDelegate.swift in Sources */ = {isa = PBXBuildFile; fileRef = 309C4A0B226AD23400EA8F77 /* AppDelegate.swift */; };
		309C4A0E226AD23400EA8F77 /* ViewController.swift in Sources */ = {isa = PBXBuildFile; fileRef = 309C4A0D226AD23400EA8F77 /* ViewController.swift */; };
		309C4A11226AD23400EA8F77 /* Main.storyboard in Resources */ = {isa = PBXBuildFile; fileRef = 309C4A0F226AD23400EA8F77 /* Main.storyboard */; };
		309C4A13226AD23700EA8F77 /* Assets.xcassets in Resources */ = {isa = PBXBuildFile; fileRef = 309C4A12226AD23700EA8F77 /* Assets.xcassets */; };
		309C4A16226AD23700EA8F77 /* LaunchScreen.storyboard in Resources */ = {isa = PBXBuildFile; fileRef = 309C4A14226AD23700EA8F77 /* LaunchScreen.storyboard */; };
		309C4A1E226ADAFB00EA8F77 /* PieChartViewController.swift in Sources */ = {isa = PBXBuildFile; fileRef = 309C4A1D226ADAFB00EA8F77 /* PieChartViewController.swift */; };
		309C4A20226ADB2800EA8F77 /* LineChartViewController.swift in Sources */ = {isa = PBXBuildFile; fileRef = 309C4A1F226ADB2800EA8F77 /* LineChartViewController.swift */; };
		309C4A22226ADB4500EA8F77 /* BarChartViewController.swift in Sources */ = {isa = PBXBuildFile; fileRef = 309C4A21226ADB4500EA8F77 /* BarChartViewController.swift */; };
		309C4A24226B422600EA8F77 /* CommonData.swift in Sources */ = {isa = PBXBuildFile; fileRef = 309C4A23226B422600EA8F77 /* CommonData.swift */; };
		34DABD144F2684196D8BEDE8 /* Pods_ChartsTutorial.framework in Frameworks */ = {isa = PBXBuildFile; fileRef = 759CD24ADE70B8377272D94E /* Pods_ChartsTutorial.framework */; };
/* End PBXBuildFile section */

/* Begin PBXFileReference section */
		309C4A08226AD23400EA8F77 /* ChartsTutorial.app */ = {isa = PBXFileReference; explicitFileType = wrapper.application; includeInIndex = 0; path = ChartsTutorial.app; sourceTree = BUILT_PRODUCTS_DIR; };
		309C4A0B226AD23400EA8F77 /* AppDelegate.swift */ = {isa = PBXFileReference; lastKnownFileType = sourcecode.swift; path = AppDelegate.swift; sourceTree = "<group>"; };
		309C4A0D226AD23400EA8F77 /* ViewController.swift */ = {isa = PBXFileReference; lastKnownFileType = sourcecode.swift; path = ViewController.swift; sourceTree = "<group>"; };
		309C4A10226AD23400EA8F77 /* Base */ = {isa = PBXFileReference; lastKnownFileType = file.storyboard; name = Base; path = Base.lproj/Main.storyboard; sourceTree = "<group>"; };
		309C4A12226AD23700EA8F77 /* Assets.xcassets */ = {isa = PBXFileReference; lastKnownFileType = folder.assetcatalog; path = Assets.xcassets; sourceTree = "<group>"; };
		309C4A15226AD23700EA8F77 /* Base */ = {isa = PBXFileReference; lastKnownFileType = file.storyboard; name = Base; path = Base.lproj/LaunchScreen.storyboard; sourceTree = "<group>"; };
		309C4A17226AD23700EA8F77 /* Info.plist */ = {isa = PBXFileReference; lastKnownFileType = text.plist.xml; path = Info.plist; sourceTree = "<group>"; };
		309C4A1D226ADAFB00EA8F77 /* PieChartViewController.swift */ = {isa = PBXFileReference; lastKnownFileType = sourcecode.swift; path = PieChartViewController.swift; sourceTree = "<group>"; };
		309C4A1F226ADB2800EA8F77 /* LineChartViewController.swift */ = {isa = PBXFileReference; lastKnownFileType = sourcecode.swift; path = LineChartViewController.swift; sourceTree = "<group>"; };
		309C4A21226ADB4500EA8F77 /* BarChartViewController.swift */ = {isa = PBXFileReference; lastKnownFileType = sourcecode.swift; path = BarChartViewController.swift; sourceTree = "<group>"; };
		309C4A23226B422600EA8F77 /* CommonData.swift */ = {isa = PBXFileReference; lastKnownFileType = sourcecode.swift; path = CommonData.swift; sourceTree = "<group>"; };
		4FE2CDF874C585A37C53F7F7 /* Pods-ChartsTutorial.release.xcconfig */ = {isa = PBXFileReference; includeInIndex = 1; lastKnownFileType = text.xcconfig; name = "Pods-ChartsTutorial.release.xcconfig"; path = "Target Support Files/Pods-ChartsTutorial/Pods-ChartsTutorial.release.xcconfig"; sourceTree = "<group>"; };
		759CD24ADE70B8377272D94E /* Pods_ChartsTutorial.framework */ = {isa = PBXFileReference; explicitFileType = wrapper.framework; includeInIndex = 0; path = Pods_ChartsTutorial.framework; sourceTree = BUILT_PRODUCTS_DIR; };
		7C31A1A98A10654572DD7D2A /* Pods-ChartsTutorial.debug.xcconfig */ = {isa = PBXFileReference; includeInIndex = 1; lastKnownFileType = text.xcconfig; name = "Pods-ChartsTutorial.debug.xcconfig"; path = "Target Support Files/Pods-ChartsTutorial/Pods-ChartsTutorial.debug.xcconfig"; sourceTree = "<group>"; };
/* End PBXFileReference section */

/* Begin PBXFrameworksBuildPhase section */
		309C4A05226AD23400EA8F77 /* Frameworks */ = {
			isa = PBXFrameworksBuildPhase;
			buildActionMask = 2147483647;
			files = (
				34DABD144F2684196D8BEDE8 /* Pods_ChartsTutorial.framework in Frameworks */,
			);
			runOnlyForDeploymentPostprocessing = 0;
		};
/* End PBXFrameworksBuildPhase section */

/* Begin PBXGroup section */
		309C49FF226AD23400EA8F77 = {
			isa = PBXGroup;
			children = (
				309C4A0A226AD23400EA8F77 /* ChartsTutorial */,
				309C4A09226AD23400EA8F77 /* Products */,
				48513CA322F660A8EC0054BA /* Pods */,
				98412A848553B8E93FF4BE29 /* Frameworks */,
			);
			sourceTree = "<group>";
		};
		309C4A09226AD23400EA8F77 /* Products */ = {
			isa = PBXGroup;
			children = (
				309C4A08226AD23400EA8F77 /* ChartsTutorial.app */,
			);
			name = Products;
			sourceTree = "<group>";
		};
		309C4A0A226AD23400EA8F77 /* ChartsTutorial */ = {
			isa = PBXGroup;
			children = (
				309C4A0B226AD23400EA8F77 /* AppDelegate.swift */,
				309C4A0D226AD23400EA8F77 /* ViewController.swift */,
				309C4A0F226AD23400EA8F77 /* Main.storyboard */,
				309C4A12226AD23700EA8F77 /* Assets.xcassets */,
				309C4A14226AD23700EA8F77 /* LaunchScreen.storyboard */,
				309C4A17226AD23700EA8F77 /* Info.plist */,
				309C4A1D226ADAFB00EA8F77 /* PieChartViewController.swift */,
				309C4A1F226ADB2800EA8F77 /* LineChartViewController.swift */,
				309C4A21226ADB4500EA8F77 /* BarChartViewController.swift */,
				309C4A23226B422600EA8F77 /* CommonData.swift */,
			);
			path = ChartsTutorial;
			sourceTree = "<group>";
		};
		48513CA322F660A8EC0054BA /* Pods */ = {
			isa = PBXGroup;
			children = (
				7C31A1A98A10654572DD7D2A /* Pods-ChartsTutorial.debug.xcconfig */,
				4FE2CDF874C585A37C53F7F7 /* Pods-ChartsTutorial.release.xcconfig */,
			);
			path = Pods;
			sourceTree = "<group>";
		};
		98412A848553B8E93FF4BE29 /* Frameworks */ = {
			isa = PBXGroup;
			children = (
				759CD24ADE70B8377272D94E /* Pods_ChartsTutorial.framework */,
			);
			name = Frameworks;
			sourceTree = "<group>";
		};
/* End PBXGroup section */

/* Begin PBXNativeTarget section */
		309C4A07226AD23400EA8F77 /* ChartsTutorial */ = {
			isa = PBXNativeTarget;
			buildConfigurationList = 309C4A1A226AD23700EA8F77 /* Build configuration list for PBXNativeTarget "ChartsTutorial" */;
			buildPhases = (
				5DFA16ED43E3F657B0865FA3 /* [CP] Check Pods Manifest.lock */,
				309C4A04226AD23400EA8F77 /* Sources */,
				309C4A05226AD23400EA8F77 /* Frameworks */,
				309C4A06226AD23400EA8F77 /* Resources */,
				F052F41F7FC87541565F0BF3 /* [CP] Embed Pods Frameworks */,
			);
			buildRules = (
			);
			dependencies = (
			);
			name = ChartsTutorial;
			productName = ChartsTutorial;
			productReference = 309C4A08226AD23400EA8F77 /* ChartsTutorial.app */;
			productType = "com.apple.product-type.application";
		};
/* End PBXNativeTarget section */

/* Begin PBXProject section */
		309C4A00226AD23400EA8F77 /* Project object */ = {
			isa = PBXProject;
			attributes = {
				LastSwiftUpdateCheck = 1010;
				LastUpgradeCheck = 1010;
				ORGANIZATIONNAME = iOSTemplates;
				TargetAttributes = {
					309C4A07226AD23400EA8F77 = {
						CreatedOnToolsVersion = 10.1;
					};
				};
			};
			buildConfigurationList = 309C4A03226AD23400EA8F77 /* Build configuration list for PBXProject "ChartsTutorial" */;
			compatibilityVersion = "Xcode 9.3";
			developmentRegion = en;
			hasScannedForEncodings = 0;
			knownRegions = (
				en,
				Base,
			);
			mainGroup = 309C49FF226AD23400EA8F77;
			productRefGroup = 309C4A09226AD23400EA8F77 /* Products */;
			projectDirPath = "";
			projectRoot = "";
			targets = (
				309C4A07226AD23400EA8F77 /* ChartsTutorial */,
			);
		};
/* End PBXProject section */

/* Begin PBXResourcesBuildPhase section */
		309C4A06226AD23400EA8F77 /* Resources */ = {
			isa = PBXResourcesBuildPhase;
			buildActionMask = 2147483647;
			files = (
				309C4A16226AD23700EA8F77 /* LaunchScreen.storyboard in Resources */,
				309C4A13226AD23700EA8F77 /* Assets.xcassets in Resources */,
				309C4A11226AD23400EA8F77 /* Main.storyboard in Resources */,
			);
			runOnlyForDeploymentPostprocessing = 0;
		};
/* End PBXResourcesBuildPhase section */

/* Begin PBXShellScriptBuildPhase section */
		5DFA16ED43E3F657B0865FA3 /* [CP] Check Pods Manifest.lock */ = {
			isa = PBXShellScriptBuildPhase;
			buildActionMask = 2147483647;
			files = (
			);
			inputFileListPaths = (
			);
			inputPaths = (
				"${PODS_PODFILE_DIR_PATH}/Podfile.lock",
				"${PODS_ROOT}/Manifest.lock",
			);
			name = "[CP] Check Pods Manifest.lock";
			outputFileListPaths = (
			);
			outputPaths = (
				"$(DERIVED_FILE_DIR)/Pods-ChartsTutorial-checkManifestLockResult.txt",
			);
			runOnlyForDeploymentPostprocessing = 0;
			shellPath = /bin/sh;
			shellScript = "diff \"${PODS_PODFILE_DIR_PATH}/Podfile.lock\" \"${PODS_ROOT}/Manifest.lock\" > /dev/null\nif [ $? != 0 ] ; then\n    # print error to STDERR\n    echo \"error: The sandbox is not in sync with the Podfile.lock. Run 'pod install' or update your CocoaPods installation.\" >&2\n    exit 1\nfi\n# This output is used by Xcode 'outputs' to avoid re-running this script phase.\necho \"SUCCESS\" > \"${SCRIPT_OUTPUT_FILE_0}\"\n";
			showEnvVarsInLog = 0;
		};
		F052F41F7FC87541565F0BF3 /* [CP] Embed Pods Frameworks */ = {
			isa = PBXShellScriptBuildPhase;
			buildActionMask = 2147483647;
			files = (
			);
			inputFileListPaths = (
			);
			inputPaths = (
				"${PODS_ROOT}/Target Support Files/Pods-ChartsTutorial/Pods-ChartsTutorial-frameworks.sh",
				"${BUILT_PRODUCTS_DIR}/Charts/Charts.framework",
			);
			name = "[CP] Embed Pods Frameworks";
			outputFileListPaths = (
			);
			outputPaths = (
				"${TARGET_BUILD_DIR}/${FRAMEWORKS_FOLDER_PATH}/Charts.framework",
			);
			runOnlyForDeploymentPostprocessing = 0;
			shellPath = /bin/sh;
			shellScript = "\"${PODS_ROOT}/Target Support Files/Pods-ChartsTutorial/Pods-ChartsTutorial-frameworks.sh\"\n";
			showEnvVarsInLog = 0;
		};
/* End PBXShellScriptBuildPhase section */

/* Begin PBXSourcesBuildPhase section */
		309C4A04226AD23400EA8F77 /* Sources */ = {
			isa = PBXSourcesBuildPhase;
			buildActionMask = 2147483647;
			files = (
				309C4A1E226ADAFB00EA8F77 /* PieChartViewController.swift in Sources */,
				309C4A20226ADB2800EA8F77 /* LineChartViewController.swift in Sources */,
				309C4A24226B422600EA8F77 /* CommonData.swift in Sources */,
				309C4A0E226AD23400EA8F77 /* ViewController.swift in Sources */,
				309C4A0C226AD23400EA8F77 /* AppDelegate.swift in Sources */,
				309C4A22226ADB4500EA8F77 /* BarChartViewController.swift in Sources */,
			);
			runOnlyForDeploymentPostprocessing = 0;
		};
/* End PBXSourcesBuildPhase section */

/* Begin PBXVariantGroup section */
		309C4A0F226AD23400EA8F77 /* Main.storyboard */ = {
			isa = PBXVariantGroup;
			children = (
				309C4A10226AD23400EA8F77 /* Base */,
			);
			name = Main.storyboard;
			sourceTree = "<group>";
		};
		309C4A14226AD23700EA8F77 /* LaunchScreen.storyboard */ = {
			isa = PBXVariantGroup;
			children = (
				309C4A15226AD23700EA8F77 /* Base */,
			);
			name = LaunchScreen.storyboard;
			sourceTree = "<group>";
		};
/* End PBXVariantGroup section */

/* Begin XCBuildConfiguration section */
		309C4A18226AD23700EA8F77 /* Debug */ = {
			isa = XCBuildConfiguration;
			buildSettings = {
				ALWAYS_SEARCH_USER_PATHS = NO;
				CLANG_ANALYZER_NONNULL = YES;
				CLANG_ANALYZER_NUMBER_OBJECT_CONVERSION = YES_AGGRESSIVE;
				CLANG_CXX_LANGUAGE_STANDARD = "gnu++14";
				CLANG_CXX_LIBRARY = "libc++";
				CLANG_ENABLE_MODULES = YES;
				CLANG_ENABLE_OBJC_ARC = YES;
				CLANG_ENABLE_OBJC_WEAK = YES;
				CLANG_WARN_BLOCK_CAPTURE_AUTORELEASING = YES;
				CLANG_WARN_BOOL_CONVERSION = YES;
				CLANG_WARN_COMMA = YES;
				CLANG_WARN_CONSTANT_CONVERSION = YES;
				CLANG_WARN_DEPRECATED_OBJC_IMPLEMENTATIONS = YES;
				CLANG_WARN_DIRECT_OBJC_ISA_USAGE = YES_ERROR;
				CLANG_WARN_DOCUMENTATION_COMMENTS = YES;
				CLANG_WARN_EMPTY_BODY = YES;
				CLANG_WARN_ENUM_CONVERSION = YES;
				CLANG_WARN_INFINITE_RECURSION = YES;
				CLANG_WARN_INT_CONVERSION = YES;
				CLANG_WARN_NON_LITERAL_NULL_CONVERSION = YES;
				CLANG_WARN_OBJC_IMPLICIT_RETAIN_SELF = YES;
				CLANG_WARN_OBJC_LITERAL_CONVERSION = YES;
				CLANG_WARN_OBJC_ROOT_CLASS = YES_ERROR;
				CLANG_WARN_RANGE_LOOP_ANALYSIS = YES;
				CLANG_WARN_STRICT_PROTOTYPES = YES;
				CLANG_WARN_SUSPICIOUS_MOVE = YES;
				CLANG_WARN_UNGUARDED_AVAILABILITY = YES_AGGRESSIVE;
				CLANG_WARN_UNREACHABLE_CODE = YES;
				CLANG_WARN__DUPLICATE_METHOD_MATCH = YES;
				CODE_SIGN_IDENTITY = "iPhone Developer";
				COPY_PHASE_STRIP = NO;
				DEBUG_INFORMATION_FORMAT = dwarf;
				ENABLE_STRICT_OBJC_MSGSEND = YES;
				ENABLE_TESTABILITY = YES;
				GCC_C_LANGUAGE_STANDARD = gnu11;
				GCC_DYNAMIC_NO_PIC = NO;
				GCC_NO_COMMON_BLOCKS = YES;
				GCC_OPTIMIZATION_LEVEL = 0;
				GCC_PREPROCESSOR_DEFINITIONS = (
					"DEBUG=1",
					"$(inherited)",
				);
				GCC_WARN_64_TO_32_BIT_CONVERSION = YES;
				GCC_WARN_ABOUT_RETURN_TYPE = YES_ERROR;
				GCC_WARN_UNDECLARED_SELECTOR = YES;
				GCC_WARN_UNINITIALIZED_AUTOS = YES_AGGRESSIVE;
				GCC_WARN_UNUSED_FUNCTION = YES;
				GCC_WARN_UNUSED_VARIABLE = YES;
				IPHONEOS_DEPLOYMENT_TARGET = 12.1;
				MTL_ENABLE_DEBUG_INFO = INCLUDE_SOURCE;
				MTL_FAST_MATH = YES;
				ONLY_ACTIVE_ARCH = YES;
				SDKROOT = iphoneos;
				SWIFT_ACTIVE_COMPILATION_CONDITIONS = DEBUG;
				SWIFT_OPTIMIZATION_LEVEL = "-Onone";
			};
			name = Debug;
		};
		309C4A19226AD23700EA8F77 /* Release */ = {
			isa = XCBuildConfiguration;
			buildSettings = {
				ALWAYS_SEARCH_USER_PATHS = NO;
				CLANG_ANALYZER_NONNULL = YES;
				CLANG_ANALYZER_NUMBER_OBJECT_CONVERSION = YES_AGGRESSIVE;
				CLANG_CXX_LANGUAGE_STANDARD = "gnu++14";
				CLANG_CXX_LIBRARY = "libc++";
				CLANG_ENABLE_MODULES = YES;
				CLANG_ENABLE_OBJC_ARC = YES;
				CLANG_ENABLE_OBJC_WEAK = YES;
				CLANG_WARN_BLOCK_CAPTURE_AUTORELEASING = YES;
				CLANG_WARN_BOOL_CONVERSION = YES;
				CLANG_WARN_COMMA = YES;
				CLANG_WARN_CONSTANT_CONVERSION = YES;
				CLANG_WARN_DEPRECATED_OBJC_IMPLEMENTATIONS = YES;
				CLANG_WARN_DIRECT_OBJC_ISA_USAGE = YES_ERROR;
				CLANG_WARN_DOCUMENTATION_COMMENTS = YES;
				CLANG_WARN_EMPTY_BODY = YES;
				CLANG_WARN_ENUM_CONVERSION = YES;
				CLANG_WARN_INFINITE_RECURSION = YES;
				CLANG_WARN_INT_CONVERSION = YES;
				CLANG_WARN_NON_LITERAL_NULL_CONVERSION = YES;
				CLANG_WARN_OBJC_IMPLICIT_RETAIN_SELF = YES;
				CLANG_WARN_OBJC_LITERAL_CONVERSION = YES;
				CLANG_WARN_OBJC_ROOT_CLASS = YES_ERROR;
				CLANG_WARN_RANGE_LOOP_ANALYSIS = YES;
				CLANG_WARN_STRICT_PROTOTYPES = YES;
				CLANG_WARN_SUSPICIOUS_MOVE = YES;
				CLANG_WARN_UNGUARDED_AVAILABILITY = YES_AGGRESSIVE;
				CLANG_WARN_UNREACHABLE_CODE = YES;
				CLANG_WARN__DUPLICATE_METHOD_MATCH = YES;
				CODE_SIGN_IDENTITY = "iPhone Developer";
				COPY_PHASE_STRIP = NO;
				DEBUG_INFORMATION_FORMAT = "dwarf-with-dsym";
				ENABLE_NS_ASSERTIONS = NO;
				ENABLE_STRICT_OBJC_MSGSEND = YES;
				GCC_C_LANGUAGE_STANDARD = gnu11;
				GCC_NO_COMMON_BLOCKS = YES;
				GCC_WARN_64_TO_32_BIT_CONVERSION = YES;
				GCC_WARN_ABOUT_RETURN_TYPE = YES_ERROR;
				GCC_WARN_UNDECLARED_SELECTOR = YES;
				GCC_WARN_UNINITIALIZED_AUTOS = YES_AGGRESSIVE;
				GCC_WARN_UNUSED_FUNCTION = YES;
				GCC_WARN_UNUSED_VARIABLE = YES;
				IPHONEOS_DEPLOYMENT_TARGET = 12.1;
				MTL_ENABLE_DEBUG_INFO = NO;
				MTL_FAST_MATH = YES;
				SDKROOT = iphoneos;
				SWIFT_COMPILATION_MODE = wholemodule;
				SWIFT_OPTIMIZATION_LEVEL = "-O";
				VALIDATE_PRODUCT = YES;
			};
			name = Release;
		};
		309C4A1B226AD23700EA8F77 /* Debug */ = {
			isa = XCBuildConfiguration;
			baseConfigurationReference = 7C31A1A98A10654572DD7D2A /* Pods-ChartsTutorial.debug.xcconfig */;
			buildSettings = {
				ASSETCATALOG_COMPILER_APPICON_NAME = AppIcon;
				CODE_SIGN_STYLE = Automatic;
				DEVELOPMENT_TEAM = 9TD674FJYT;
				INFOPLIST_FILE = ChartsTutorial/Info.plist;
				LD_RUNPATH_SEARCH_PATHS = (
					"$(inherited)",
					"@executable_path/Frameworks",
				);
				PRODUCT_BUNDLE_IDENTIFIER = iosTemplates.dev.ios.ChartsTutorial;
				PRODUCT_NAME = "$(TARGET_NAME)";
				SWIFT_VERSION = 4.2;
				TARGETED_DEVICE_FAMILY = "1,2";
			};
			name = Debug;
		};
		309C4A1C226AD23700EA8F77 /* Release */ = {
			isa = XCBuildConfiguration;
			baseConfigurationReference = 4FE2CDF874C585A37C53F7F7 /* Pods-ChartsTutorial.release.xcconfig */;
			buildSettings = {
				ASSETCATALOG_COMPILER_APPICON_NAME = AppIcon;
				CODE_SIGN_STYLE = Automatic;
				DEVELOPMENT_TEAM = 9TD674FJYT;
				INFOPLIST_FILE = ChartsTutorial/Info.plist;
				LD_RUNPATH_SEARCH_PATHS = (
					"$(inherited)",
					"@executable_path/Frameworks",
				);
				PRODUCT_BUNDLE_IDENTIFIER = iosTemplates.dev.ios.ChartsTutorial;
				PRODUCT_NAME = "$(TARGET_NAME)";
				SWIFT_VERSION = 4.2;
				TARGETED_DEVICE_FAMILY = "1,2";
			};
			name = Release;
		};
/* End XCBuildConfiguration section */

/* Begin XCConfigurationList section */
		309C4A03226AD23400EA8F77 /* Build configuration list for PBXProject "ChartsTutorial" */ = {
			isa = XCConfigurationList;
			buildConfigurations = (
				309C4A18226AD23700EA8F77 /* Debug */,
				309C4A19226AD23700EA8F77 /* Release */,
			);
			defaultConfigurationIsVisible = 0;
			defaultConfigurationName = Release;
		};
		309C4A1A226AD23700EA8F77 /* Build configuration list for PBXNativeTarget "ChartsTutorial" */ = {
			isa = XCConfigurationList;
			buildConfigurations = (
				309C4A1B226AD23700EA8F77 /* Debug */,
				309C4A1C226AD23700EA8F77 /* Release */,
			);
			defaultConfigurationIsVisible = 0;
			defaultConfigurationName = Release;
		};
/* End XCConfigurationList section */
	};
	rootObject = 309C4A00226AD23400EA8F77 /* Project object */;
}
